
Microsoft Visual Studio Solution File, Format Version 12.00
# Visual Studio 15
VisualStudioVersion = 15.0.26124.0
MinimumVisualStudioVersion = 15.0.26124.0
Project("{2150E333-8FDC-42A3-9474-1A3956D46DE8}") = "src", "src", "{4DB0EEA8-8EF0-43E1-B909-932C792F7960}"
EndProject
Project("{FAE04EC0-301F-11D3-BF4B-00C04F79EFBC}") = "Prctc.SpaceStationController.Domain", "src\Prctc.SpaceStationController.Domain\Prctc.SpaceStationController.Domain.csproj", "{1C566EB1-5030-401E-ACB8-048B3A10595F}"
EndProject
Project("{FAE04EC0-301F-11D3-BF4B-00C04F79EFBC}") = "Prctc.SpaceStationController.Core", "src\Prctc.SpaceStationController.Core\Prctc.SpaceStationController.Core.csproj", "{71E5DE5B-CFFA-41DF-829C-BD5423B9474E}"
EndProject
Global
	GlobalSection(SolutionConfigurationPlatforms) = preSolution
		Debug|Any CPU = Debug|Any CPU
		Debug|x64 = Debug|x64
		Debug|x86 = Debug|x86
		Release|Any CPU = Release|Any CPU
		Release|x64 = Release|x64
		Release|x86 = Release|x86
	EndGlobalSection
	GlobalSection(SolutionProperties) = preSolution
		HideSolutionNode = FALSE
	EndGlobalSection
	GlobalSection(ProjectConfigurationPlatforms) = postSolution
		{1C566EB1-5030-401E-ACB8-048B3A10595F}.Debug|Any CPU.ActiveCfg = Debug|Any CPU
		{1C566EB1-5030-401E-ACB8-048B3A10595F}.Debug|Any CPU.Build.0 = Debug|Any CPU
		{1C566EB1-5030-401E-ACB8-048B3A10595F}.Debug|x64.ActiveCfg = Debug|Any CPU
		{1C566EB1-5030-401E-ACB8-048B3A10595F}.Debug|x64.Build.0 = Debug|Any CPU
		{1C566EB1-5030-401E-ACB8-048B3A10595F}.Debug|x86.ActiveCfg = Debug|Any CPU
		{1C566EB1-5030-401E-ACB8-048B3A10595F}.Debug|x86.Build.0 = Debug|Any CPU
		{1C566EB1-5030-401E-ACB8-048B3A10595F}.Release|Any CPU.ActiveCfg = Release|Any CPU
		{1C566EB1-5030-401E-ACB8-048B3A10595F}.Release|Any CPU.Build.0 = Release|Any CPU
		{1C566EB1-5030-401E-ACB8-048B3A10595F}.Release|x64.ActiveCfg = Release|Any CPU
		{1C566EB1-5030-401E-ACB8-048B3A10595F}.Release|x64.Build.0 = Release|Any CPU
		{1C566EB1-5030-401E-ACB8-048B3A10595F}.Release|x86.ActiveCfg = Release|Any CPU
		{1C566EB1-5030-401E-ACB8-048B3A10595F}.Release|x86.Build.0 = Release|Any CPU
		{71E5DE5B-CFFA-41DF-829C-BD5423B9474E}.Debug|Any CPU.ActiveCfg = Debug|Any CPU
		{71E5DE5B-CFFA-41DF-829C-BD5423B9474E}.Debug|Any CPU.Build.0 = Debug|Any CPU
		{71E5DE5B-CFFA-41DF-829C-BD5423B9474E}.Debug|x64.ActiveCfg = Debug|Any CPU
		{71E5DE5B-CFFA-41DF-829C-BD5423B9474E}.Debug|x64.Build.0 = Debug|Any CPU
		{71E5DE5B-CFFA-41DF-829C-BD5423B9474E}.Debug|x86.ActiveCfg = Debug|Any CPU
		{71E5DE5B-CFFA-41DF-829C-BD5423B9474E}.Debug|x86.Build.0 = Debug|Any CPU
		{71E5DE5B-CFFA-41DF-829C-BD5423B9474E}.Release|Any CPU.ActiveCfg = Release|Any CPU
		{71E5DE5B-CFFA-41DF-829C-BD5423B9474E}.Release|Any CPU.Build.0 = Release|Any CPU
		{71E5DE5B-CFFA-41DF-829C-BD5423B9474E}.Release|x64.ActiveCfg = Release|Any CPU
		{71E5DE5B-CFFA-41DF-829C-BD5423B9474E}.Release|x64.Build.0 = Release|Any CPU
		{71E5DE5B-CFFA-41DF-829C-BD5423B9474E}.Release|x86.ActiveCfg = Release|Any CPU
		{71E5DE5B-CFFA-41DF-829C-BD5423B9474E}.Release|x86.Build.0 = Release|Any CPU
	EndGlobalSection
	GlobalSection(NestedProjects) = preSolution
		{1C566EB1-5030-401E-ACB8-048B3A10595F} = {4DB0EEA8-8EF0-43E1-B909-932C792F7960}
		{71E5DE5B-CFFA-41DF-829C-BD5423B9474E} = {4DB0EEA8-8EF0-43E1-B909-932C792F7960}
	EndGlobalSection
EndGlobal
